
Microsoft Visual Studio Solution File, Format Version 12.00
# Visual Studio Express 2012 for Windows Desktop
Project("{FAE04EC0-301F-11D3-BF4B-00C04F79EFBC}") = "Modeler", "Modeler\Modeler.csproj", "{BDE3F768-BA95-49F5-AFB8-D9A50F4192FB}"
EndProject
Project("{FAE04EC0-301F-11D3-BF4B-00C04F79EFBC}") = "Compresser", "Compresser\Compresser.csproj", "{D3463229-89D2-447B-882E-56A3614A0380}"
EndProject
Project("{FAE04EC0-301F-11D3-BF4B-00C04F79EFBC}") = "histogram", "histogram\histogram.csproj", "{3B077BA4-F279-4C69-AB4A-AE1B74500783}"
EndProject
Project("{FAE04EC0-301F-11D3-BF4B-00C04F79EFBC}") = "Compress", "Compress\Compress.csproj", "{2A005D90-E3C9-45ED-8678-7DD1B53BB832}"
EndProject
Project("{FAE04EC0-301F-11D3-BF4B-00C04F79EFBC}") = "Model", "Model\Model.csproj", "{FD7D323A-5A97-4061-BF7C-8E60C3C982ED}"
EndProject
Global
	GlobalSection(SolutionConfigurationPlatforms) = preSolution
		Debug|Any CPU = Debug|Any CPU
		Release|Any CPU = Release|Any CPU
	EndGlobalSection
	GlobalSection(ProjectConfigurationPlatforms) = postSolution
		{BDE3F768-BA95-49F5-AFB8-D9A50F4192FB}.Debug|Any CPU.ActiveCfg = Debug|Any CPU
		{BDE3F768-BA95-49F5-AFB8-D9A50F4192FB}.Debug|Any CPU.Build.0 = Debug|Any CPU
		{BDE3F768-BA95-49F5-AFB8-D9A50F4192FB}.Release|Any CPU.ActiveCfg = Release|Any CPU
		{BDE3F768-BA95-49F5-AFB8-D9A50F4192FB}.Release|Any CPU.Build.0 = Release|Any CPU
		{D3463229-89D2-447B-882E-56A3614A0380}.Debug|Any CPU.ActiveCfg = Debug|Any CPU
		{D3463229-89D2-447B-882E-56A3614A0380}.Debug|Any CPU.Build.0 = Debug|Any CPU
		{D3463229-89D2-447B-882E-56A3614A0380}.Release|Any CPU.ActiveCfg = Release|Any CPU
		{D3463229-89D2-447B-882E-56A3614A0380}.Release|Any CPU.Build.0 = Release|Any CPU
		{3B077BA4-F279-4C69-AB4A-AE1B74500783}.Debug|Any CPU.ActiveCfg = Debug|Any CPU
		{3B077BA4-F279-4C69-AB4A-AE1B74500783}.Debug|Any CPU.Build.0 = Debug|Any CPU
		{3B077BA4-F279-4C69-AB4A-AE1B74500783}.Release|Any CPU.ActiveCfg = Release|Any CPU
		{3B077BA4-F279-4C69-AB4A-AE1B74500783}.Release|Any CPU.Build.0 = Release|Any CPU
		{2A005D90-E3C9-45ED-8678-7DD1B53BB832}.Debug|Any CPU.ActiveCfg = Debug|Any CPU
		{2A005D90-E3C9-45ED-8678-7DD1B53BB832}.Debug|Any CPU.Build.0 = Debug|Any CPU
		{2A005D90-E3C9-45ED-8678-7DD1B53BB832}.Release|Any CPU.ActiveCfg = Release|Any CPU
		{2A005D90-E3C9-45ED-8678-7DD1B53BB832}.Release|Any CPU.Build.0 = Release|Any CPU
		{FD7D323A-5A97-4061-BF7C-8E60C3C982ED}.Debug|Any CPU.ActiveCfg = Debug|Any CPU
		{FD7D323A-5A97-4061-BF7C-8E60C3C982ED}.Debug|Any CPU.Build.0 = Debug|Any CPU
		{FD7D323A-5A97-4061-BF7C-8E60C3C982ED}.Release|Any CPU.ActiveCfg = Release|Any CPU
		{FD7D323A-5A97-4061-BF7C-8E60C3C982ED}.Release|Any CPU.Build.0 = Release|Any CPU
	EndGlobalSection
	GlobalSection(SolutionProperties) = preSolution
		HideSolutionNode = FALSE
	EndGlobalSection
EndGlobal
